
Microsoft Visual Studio Solution File, Format Version 12.00
# Visual Studio Version 17
VisualStudioVersion = 17.5.002.0
MinimumVisualStudioVersion = 10.0.40219.1
Project("{9A19103F-16F7-4668-BE54-9A1E7A4F7556}") = "MyBookWorld", "MyBookWorld.csproj", "{C0D76401-66E2-482E-ADF6-565E746D08BC}"
EndProject
Global
	GlobalSection(SolutionConfigurationPlatforms) = preSolution
		Debug|Any CPU = Debug|Any CPU
		Release|Any CPU = Release|Any CPU
	EndGlobalSection
	GlobalSection(ProjectConfigurationPlatforms) = postSolution
		{C0D76401-66E2-482E-ADF6-565E746D08BC}.Debug|Any CPU.ActiveCfg = Debug|Any CPU
		{C0D76401-66E2-482E-ADF6-565E746D08BC}.Debug|Any CPU.Build.0 = Debug|Any CPU
		{C0D76401-66E2-482E-ADF6-565E746D08BC}.Release|Any CPU.ActiveCfg = Release|Any CPU
		{C0D76401-66E2-482E-ADF6-565E746D08BC}.Release|Any CPU.Build.0 = Release|Any CPU
	EndGlobalSection
	GlobalSection(SolutionProperties) = preSolution
		HideSolutionNode = FALSE
	EndGlobalSection
	GlobalSection(ExtensibilityGlobals) = postSolution
		SolutionGuid = {E13E3D10-BE5C-4A2E-B04E-EA5F205DD309}
	EndGlobalSection
EndGlobal
